
Microsoft Visual Studio Solution File, Format Version 12.00
# Visual Studio 2013
VisualStudioVersion = 12.0.30723.0
MinimumVisualStudioVersion = 10.0.40219.1
Project("{FAE04EC0-301F-11D3-BF4B-00C04F79EFBC}") = "Sbatman.Networking", "Sbatman.Networking.csproj", "{E627BD2D-226A-4061-BD4E-7E86CF56936D}"
EndProject
Project("{FAE04EC0-301F-11D3-BF4B-00C04F79EFBC}") = "Example-Server", "Example\Example-Server\Example-Server.csproj", "{6E56BDF8-E45F-4FB6-B926-B2D75283C452}"
EndProject
Project("{FAE04EC0-301F-11D3-BF4B-00C04F79EFBC}") = "Example-Client", "Example\Example-Client\Example-Client.csproj", "{2D1235E1-5516-4236-AC10-24225F7F72D4}"
EndProject
Project("{FAE04EC0-301F-11D3-BF4B-00C04F79EFBC}") = "Sbatman.Networking.PCL", "PCLSafe\Sbatman.Networking.PCL.csproj", "{DD5F9C15-D211-43A0-9F7F-B0BD3D22D577}"
EndProject
Global
	GlobalSection(SolutionConfigurationPlatforms) = preSolution
		Debug|Any CPU = Debug|Any CPU
		Release|Any CPU = Release|Any CPU
	EndGlobalSection
	GlobalSection(ProjectConfigurationPlatforms) = postSolution
		{E627BD2D-226A-4061-BD4E-7E86CF56936D}.Debug|Any CPU.ActiveCfg = Debug|Any CPU
		{E627BD2D-226A-4061-BD4E-7E86CF56936D}.Debug|Any CPU.Build.0 = Debug|Any CPU
		{E627BD2D-226A-4061-BD4E-7E86CF56936D}.Release|Any CPU.ActiveCfg = Release|Any CPU
		{E627BD2D-226A-4061-BD4E-7E86CF56936D}.Release|Any CPU.Build.0 = Release|Any CPU
		{6E56BDF8-E45F-4FB6-B926-B2D75283C452}.Debug|Any CPU.ActiveCfg = Debug|Any CPU
		{6E56BDF8-E45F-4FB6-B926-B2D75283C452}.Debug|Any CPU.Build.0 = Debug|Any CPU
		{6E56BDF8-E45F-4FB6-B926-B2D75283C452}.Release|Any CPU.ActiveCfg = Release|Any CPU
		{6E56BDF8-E45F-4FB6-B926-B2D75283C452}.Release|Any CPU.Build.0 = Release|Any CPU
		{2D1235E1-5516-4236-AC10-24225F7F72D4}.Debug|Any CPU.ActiveCfg = Debug|Any CPU
		{2D1235E1-5516-4236-AC10-24225F7F72D4}.Debug|Any CPU.Build.0 = Debug|Any CPU
		{2D1235E1-5516-4236-AC10-24225F7F72D4}.Release|Any CPU.ActiveCfg = Release|Any CPU
		{2D1235E1-5516-4236-AC10-24225F7F72D4}.Release|Any CPU.Build.0 = Release|Any CPU
		{DD5F9C15-D211-43A0-9F7F-B0BD3D22D577}.Debug|Any CPU.ActiveCfg = Debug|Any CPU
		{DD5F9C15-D211-43A0-9F7F-B0BD3D22D577}.Debug|Any CPU.Build.0 = Debug|Any CPU
		{DD5F9C15-D211-43A0-9F7F-B0BD3D22D577}.Release|Any CPU.ActiveCfg = Release|Any CPU
		{DD5F9C15-D211-43A0-9F7F-B0BD3D22D577}.Release|Any CPU.Build.0 = Release|Any CPU
	EndGlobalSection
	GlobalSection(SolutionProperties) = preSolution
		HideSolutionNode = FALSE
	EndGlobalSection
	GlobalSection(MonoDevelopProperties) = preSolution
		StartupItem = InsaneDev.Netwoking.csproj
	EndGlobalSection
EndGlobal
